
Microsoft Visual Studio Solution File, Format Version 12.00
# Visual Studio Version 17
VisualStudioVersion = 17.11.35303.130
MinimumVisualStudioVersion = 10.0.40219.1
Project("{FAE04EC0-301F-11D3-BF4B-00C04F79EFBC}") = "MvcProjectCamp", "MvcProjectCamp\MvcProjectCamp.csproj", "{73FF89CC-37E8-48B8-B272-93ABE710354A}"
EndProject
Project("{FAE04EC0-301F-11D3-BF4B-00C04F79EFBC}") = "EntityLayer", "EntityLayer\EntityLayer.csproj", "{1D000264-1B6D-42C5-A238-0C8E92E25AAF}"
EndProject
Project("{FAE04EC0-301F-11D3-BF4B-00C04F79EFBC}") = "DataAccessLayer", "DataAccessLayer\DataAccessLayer.csproj", "{BC32E097-FEDF-4FE0-86AE-B897A135CB92}"
EndProject
Project("{FAE04EC0-301F-11D3-BF4B-00C04F79EFBC}") = "BusinessLayer", "BusinessLayer\BusinessLayer.csproj", "{236210FD-6224-4865-83F9-F69AB303842F}"
EndProject
Global
	GlobalSection(SolutionConfigurationPlatforms) = preSolution
		Debug|Any CPU = Debug|Any CPU
		Release|Any CPU = Release|Any CPU
	EndGlobalSection
	GlobalSection(ProjectConfigurationPlatforms) = postSolution
		{73FF89CC-37E8-48B8-B272-93ABE710354A}.Debug|Any CPU.ActiveCfg = Debug|Any CPU
		{73FF89CC-37E8-48B8-B272-93ABE710354A}.Debug|Any CPU.Build.0 = Debug|Any CPU
		{73FF89CC-37E8-48B8-B272-93ABE710354A}.Release|Any CPU.ActiveCfg = Release|Any CPU
		{73FF89CC-37E8-48B8-B272-93ABE710354A}.Release|Any CPU.Build.0 = Release|Any CPU
		{1D000264-1B6D-42C5-A238-0C8E92E25AAF}.Debug|Any CPU.ActiveCfg = Debug|Any CPU
		{1D000264-1B6D-42C5-A238-0C8E92E25AAF}.Debug|Any CPU.Build.0 = Debug|Any CPU
		{1D000264-1B6D-42C5-A238-0C8E92E25AAF}.Release|Any CPU.ActiveCfg = Release|Any CPU
		{1D000264-1B6D-42C5-A238-0C8E92E25AAF}.Release|Any CPU.Build.0 = Release|Any CPU
		{BC32E097-FEDF-4FE0-86AE-B897A135CB92}.Debug|Any CPU.ActiveCfg = Debug|Any CPU
		{BC32E097-FEDF-4FE0-86AE-B897A135CB92}.Debug|Any CPU.Build.0 = Debug|Any CPU
		{BC32E097-FEDF-4FE0-86AE-B897A135CB92}.Release|Any CPU.ActiveCfg = Release|Any CPU
		{BC32E097-FEDF-4FE0-86AE-B897A135CB92}.Release|Any CPU.Build.0 = Release|Any CPU
		{236210FD-6224-4865-83F9-F69AB303842F}.Debug|Any CPU.ActiveCfg = Debug|Any CPU
		{236210FD-6224-4865-83F9-F69AB303842F}.Debug|Any CPU.Build.0 = Debug|Any CPU
		{236210FD-6224-4865-83F9-F69AB303842F}.Release|Any CPU.ActiveCfg = Release|Any CPU
		{236210FD-6224-4865-83F9-F69AB303842F}.Release|Any CPU.Build.0 = Release|Any CPU
	EndGlobalSection
	GlobalSection(SolutionProperties) = preSolution
		HideSolutionNode = FALSE
	EndGlobalSection
	GlobalSection(ExtensibilityGlobals) = postSolution
		SolutionGuid = {42DA9E5A-5F1B-4332-BF35-F6060CEA82B5}
	EndGlobalSection
EndGlobal
